{
  "requires": true,
  "lockfileVersion": 1,
  "dependencies": {
    "angular-spotify": {
      "version": "1.5.1",
      "resolved": "https://registry.npmjs.org/angular-spotify/-/angular-spotify-1.5.1.tgz",
      "integrity": "sha1-BE+Zd/twLILS3tTzKhBjpgyfxvk="
    },
    "spotify-web-api-js": {
      "version": "1.4.0",
      "resolved": "https://registry.npmjs.org/spotify-web-api-js/-/spotify-web-api-js-1.4.0.tgz",
      "integrity": "sha512-7CZrV255H0/VX82jtsH8oAJHiPwqhFlJOrmsuPxUHL8iqWZJaEw59rBowThwWM0XCfpGXohXeTZjz2PvqF6TmQ=="
    }
  }
}
